# THIS IS AN AUTOGENERATED FILE. DO NOT EDIT THIS FILE DIRECTLY.
# yarn lockfile v1


faker@^5.4.0:
  version "5.4.0"
  resolved "https://registry.yarnpkg.com/faker/-/faker-5.4.0.tgz#f18e55993c6887918182b003d163df14daeb3011"
  integrity sha512-Y9n/Ky/xZx/Bj8DePvXspUYRtHl/rGQytoIT5LaxmNwSe3wWyOeOXb3lT6Dpipq240PVpeFaGKzScz/5fvff2g==

uuid@^8.3.2:
  version "8.3.2"
  resolved "https://registry.yarnpkg.com/uuid/-/uuid-8.3.2.tgz#80d5b5ced271bb9af6c445f21a1a04c606cefbe2"
  integrity sha512-+NYs2QeMWy+GWFOEm9xnn6HCDp0l7QBD7ml8zLUmJ+93Q5NF0NocErnwkTkXVFNiX3/fpC6afS8Dhb/gz7R7eg==
